
Microsoft Visual Studio Solution File, Format Version 12.00
# Visual Studio 15
VisualStudioVersion = 15.0.28307.539
MinimumVisualStudioVersion = 10.0.40219.1
Project("{FAE04EC0-301F-11D3-BF4B-00C04F79EFBC}") = "Questionnaire", "Questionnaire\Questionnaire.csproj", "{29C650C9-541D-4E8F-849F-532541F7418E}"
EndProject
Project("{FAE04EC0-301F-11D3-BF4B-00C04F79EFBC}") = "Teacher", "Teacher\Teacher.csproj", "{2B6A8373-1CDD-4442-B495-BF701C70CE7C}"
EndProject
Project("{FAE04EC0-301F-11D3-BF4B-00C04F79EFBC}") = "Designer", "Designer\Designer.csproj", "{7362893D-BF68-4526-99EA-246B256DA5D9}"
EndProject
Project("{FAE04EC0-301F-11D3-BF4B-00C04F79EFBC}") = "Student", "Student\Student.csproj", "{CF1BC88E-2CD6-4559-8D95-F9FFB59EDD2A}"
EndProject
Global
	GlobalSection(SolutionConfigurationPlatforms) = preSolution
		Debug|Any CPU = Debug|Any CPU
		Debug|x64 = Debug|x64
		Debug|x86 = Debug|x86
		Release|Any CPU = Release|Any CPU
		Release|x64 = Release|x64
		Release|x86 = Release|x86
	EndGlobalSection
	GlobalSection(ProjectConfigurationPlatforms) = postSolution
		{29C650C9-541D-4E8F-849F-532541F7418E}.Debug|Any CPU.ActiveCfg = Debug|Any CPU
		{29C650C9-541D-4E8F-849F-532541F7418E}.Debug|Any CPU.Build.0 = Debug|Any CPU
		{29C650C9-541D-4E8F-849F-532541F7418E}.Debug|x64.ActiveCfg = Debug|Any CPU
		{29C650C9-541D-4E8F-849F-532541F7418E}.Debug|x64.Build.0 = Debug|Any CPU
		{29C650C9-541D-4E8F-849F-532541F7418E}.Debug|x86.ActiveCfg = Debug|Any CPU
		{29C650C9-541D-4E8F-849F-532541F7418E}.Debug|x86.Build.0 = Debug|Any CPU
		{29C650C9-541D-4E8F-849F-532541F7418E}.Release|Any CPU.ActiveCfg = Release|Any CPU
		{29C650C9-541D-4E8F-849F-532541F7418E}.Release|Any CPU.Build.0 = Release|Any CPU
		{29C650C9-541D-4E8F-849F-532541F7418E}.Release|x64.ActiveCfg = Release|Any CPU
		{29C650C9-541D-4E8F-849F-532541F7418E}.Release|x64.Build.0 = Release|Any CPU
		{29C650C9-541D-4E8F-849F-532541F7418E}.Release|x86.ActiveCfg = Release|Any CPU
		{29C650C9-541D-4E8F-849F-532541F7418E}.Release|x86.Build.0 = Release|Any CPU
		{2B6A8373-1CDD-4442-B495-BF701C70CE7C}.Debug|Any CPU.ActiveCfg = Debug|Any CPU
		{2B6A8373-1CDD-4442-B495-BF701C70CE7C}.Debug|Any CPU.Build.0 = Debug|Any CPU
		{2B6A8373-1CDD-4442-B495-BF701C70CE7C}.Debug|x64.ActiveCfg = Debug|Any CPU
		{2B6A8373-1CDD-4442-B495-BF701C70CE7C}.Debug|x64.Build.0 = Debug|Any CPU
		{2B6A8373-1CDD-4442-B495-BF701C70CE7C}.Debug|x86.ActiveCfg = Debug|Any CPU
		{2B6A8373-1CDD-4442-B495-BF701C70CE7C}.Debug|x86.Build.0 = Debug|Any CPU
		{2B6A8373-1CDD-4442-B495-BF701C70CE7C}.Release|Any CPU.ActiveCfg = Release|Any CPU
		{2B6A8373-1CDD-4442-B495-BF701C70CE7C}.Release|Any CPU.Build.0 = Release|Any CPU
		{2B6A8373-1CDD-4442-B495-BF701C70CE7C}.Release|x64.ActiveCfg = Release|Any CPU
		{2B6A8373-1CDD-4442-B495-BF701C70CE7C}.Release|x64.Build.0 = Release|Any CPU
		{2B6A8373-1CDD-4442-B495-BF701C70CE7C}.Release|x86.ActiveCfg = Release|Any CPU
		{2B6A8373-1CDD-4442-B495-BF701C70CE7C}.Release|x86.Build.0 = Release|Any CPU
		{7362893D-BF68-4526-99EA-246B256DA5D9}.Debug|Any CPU.ActiveCfg = Debug|Any CPU
		{7362893D-BF68-4526-99EA-246B256DA5D9}.Debug|Any CPU.Build.0 = Debug|Any CPU
		{7362893D-BF68-4526-99EA-246B256DA5D9}.Debug|x64.ActiveCfg = Debug|Any CPU
		{7362893D-BF68-4526-99EA-246B256DA5D9}.Debug|x64.Build.0 = Debug|Any CPU
		{7362893D-BF68-4526-99EA-246B256DA5D9}.Debug|x86.ActiveCfg = Debug|Any CPU
		{7362893D-BF68-4526-99EA-246B256DA5D9}.Debug|x86.Build.0 = Debug|Any CPU
		{7362893D-BF68-4526-99EA-246B256DA5D9}.Release|Any CPU.ActiveCfg = Release|Any CPU
		{7362893D-BF68-4526-99EA-246B256DA5D9}.Release|Any CPU.Build.0 = Release|Any CPU
		{7362893D-BF68-4526-99EA-246B256DA5D9}.Release|x64.ActiveCfg = Release|Any CPU
		{7362893D-BF68-4526-99EA-246B256DA5D9}.Release|x64.Build.0 = Release|Any CPU
		{7362893D-BF68-4526-99EA-246B256DA5D9}.Release|x86.ActiveCfg = Release|Any CPU
		{7362893D-BF68-4526-99EA-246B256DA5D9}.Release|x86.Build.0 = Release|Any CPU
		{CF1BC88E-2CD6-4559-8D95-F9FFB59EDD2A}.Debug|Any CPU.ActiveCfg = Debug|Any CPU
		{CF1BC88E-2CD6-4559-8D95-F9FFB59EDD2A}.Debug|Any CPU.Build.0 = Debug|Any CPU
		{CF1BC88E-2CD6-4559-8D95-F9FFB59EDD2A}.Debug|x64.ActiveCfg = Debug|Any CPU
		{CF1BC88E-2CD6-4559-8D95-F9FFB59EDD2A}.Debug|x64.Build.0 = Debug|Any CPU
		{CF1BC88E-2CD6-4559-8D95-F9FFB59EDD2A}.Debug|x86.ActiveCfg = Debug|Any CPU
		{CF1BC88E-2CD6-4559-8D95-F9FFB59EDD2A}.Debug|x86.Build.0 = Debug|Any CPU
		{CF1BC88E-2CD6-4559-8D95-F9FFB59EDD2A}.Release|Any CPU.ActiveCfg = Release|Any CPU
		{CF1BC88E-2CD6-4559-8D95-F9FFB59EDD2A}.Release|Any CPU.Build.0 = Release|Any CPU
		{CF1BC88E-2CD6-4559-8D95-F9FFB59EDD2A}.Release|x64.ActiveCfg = Release|Any CPU
		{CF1BC88E-2CD6-4559-8D95-F9FFB59EDD2A}.Release|x64.Build.0 = Release|Any CPU
		{CF1BC88E-2CD6-4559-8D95-F9FFB59EDD2A}.Release|x86.ActiveCfg = Release|Any CPU
		{CF1BC88E-2CD6-4559-8D95-F9FFB59EDD2A}.Release|x86.Build.0 = Release|Any CPU
	EndGlobalSection
	GlobalSection(SolutionProperties) = preSolution
		HideSolutionNode = FALSE
	EndGlobalSection
	GlobalSection(ExtensibilityGlobals) = postSolution
		SolutionGuid = {7B659E8A-3C29-4F41-A03B-652A753390CE}
	EndGlobalSection
EndGlobal
